
Microsoft Visual Studio Solution File, Format Version 12.00
# Visual Studio Version 16
VisualStudioVersion = 16.0.30616.7
MinimumVisualStudioVersion = 10.0.40219.1
Project("{9A19103F-16F7-4668-BE54-9A1E7A4F7556}") = "PriorityQueue", "PriorityQueue\PriorityQueue.csproj", "{C0C9C9E0-DB97-4469-B6C5-3C93F3C35EF5}"
EndProject
Project("{9A19103F-16F7-4668-BE54-9A1E7A4F7556}") = "PriorityQueue.Tests", "PriorityQueue.Tests\PriorityQueue.Tests.csproj", "{78457CF6-64B6-4F7F-9309-EE5D8505D871}"
EndProject
Project("{FAE04EC0-301F-11D3-BF4B-00C04F79EFBC}") = "PriorityQueue.Benchmarks", "PriorityQueue.Benchmarks\PriorityQueue.Benchmarks.csproj", "{84B2F822-7DCA-4C64-B1B5-CCB186C95942}"
EndProject
Global
	GlobalSection(SolutionConfigurationPlatforms) = preSolution
		Debug|Any CPU = Debug|Any CPU
		Release|Any CPU = Release|Any CPU
	EndGlobalSection
	GlobalSection(ProjectConfigurationPlatforms) = postSolution
		{C0C9C9E0-DB97-4469-B6C5-3C93F3C35EF5}.Debug|Any CPU.ActiveCfg = Debug|Any CPU
		{C0C9C9E0-DB97-4469-B6C5-3C93F3C35EF5}.Debug|Any CPU.Build.0 = Debug|Any CPU
		{C0C9C9E0-DB97-4469-B6C5-3C93F3C35EF5}.Release|Any CPU.ActiveCfg = Release|Any CPU
		{C0C9C9E0-DB97-4469-B6C5-3C93F3C35EF5}.Release|Any CPU.Build.0 = Release|Any CPU
		{78457CF6-64B6-4F7F-9309-EE5D8505D871}.Debug|Any CPU.ActiveCfg = Debug|Any CPU
		{78457CF6-64B6-4F7F-9309-EE5D8505D871}.Debug|Any CPU.Build.0 = Debug|Any CPU
		{78457CF6-64B6-4F7F-9309-EE5D8505D871}.Release|Any CPU.ActiveCfg = Release|Any CPU
		{78457CF6-64B6-4F7F-9309-EE5D8505D871}.Release|Any CPU.Build.0 = Release|Any CPU
		{84B2F822-7DCA-4C64-B1B5-CCB186C95942}.Debug|Any CPU.ActiveCfg = Debug|Any CPU
		{84B2F822-7DCA-4C64-B1B5-CCB186C95942}.Debug|Any CPU.Build.0 = Debug|Any CPU
		{84B2F822-7DCA-4C64-B1B5-CCB186C95942}.Release|Any CPU.ActiveCfg = Release|Any CPU
		{84B2F822-7DCA-4C64-B1B5-CCB186C95942}.Release|Any CPU.Build.0 = Release|Any CPU
	EndGlobalSection
	GlobalSection(SolutionProperties) = preSolution
		HideSolutionNode = FALSE
	EndGlobalSection
	GlobalSection(ExtensibilityGlobals) = postSolution
		SolutionGuid = {6D59710F-0ACA-4346-A757-19277EA030A7}
	EndGlobalSection
EndGlobal
